{
  "name": "@mahope/transmute",
  "version": "0.2.1",
  "lockfileVersion": 3,
  "requires": true,
  "packages": {
    "": {
      "name": "@mahope/transmute",
      "version": "0.2.1",
      "license": "MIT",
      "bin": {
        "transmute": "src/cli.js"
      },
      "engines": {
        "node": ">=22"
      }
    }
  }
}
